# THIS IS AN AUTOGENERATED FILE. DO NOT EDIT THIS FILE DIRECTLY.
# yarn lockfile v1


"@babel/runtime@^7.4.4":
  version "7.5.4"
  resolved "https://registry.yarnpkg.com/@babel/runtime/-/runtime-7.5.4.tgz#cb7d1ad7c6d65676e66b47186577930465b5271b"
  integrity sha512-Na84uwyImZZc3FKf4aUF1tysApzwf3p2yuFBIyBfbzT5glzKTdvYI4KVW4kcgjrzoGUjC7w3YyCHcJKaRxsr2Q==
  dependencies:
    regenerator-runtime "^0.13.2"

"@types/node@^12.6.4":
  version "12.6.4"
  resolved "https://registry.yarnpkg.com/@types/node/-/node-12.6.4.tgz#e0b5ac3ccbf183cd3c230967c323632d6cf927ae"
  integrity sha512-ZKrDzI6KhrqtLpccI1YxMh4d+qzNnftNtp6iL9c4mLTNgzguFu7VR7pXH/C/MfzikMeoXjvISL9mlIGNGGDXDg==

neo4j-driver@^1.7.5:
  version "1.7.5"
  resolved "https://registry.yarnpkg.com/neo4j-driver/-/neo4j-driver-1.7.5.tgz#c3fe3677f69c12f26944563d45e7e7d818a685e4"
  integrity sha512-xCD2F5+tp/SD9r5avX5bSoY8u8RH2o793xJ9Ikjz1s5qQy7cFxFbbj2c52uz3BVGhRAx/NmB57VjOquYmmxGtw==
  dependencies:
    "@babel/runtime" "^7.4.4"
    text-encoding-utf-8 "^1.0.2"
    uri-js "^4.2.2"

punycode@^2.1.0:
  version "2.1.1"
  resolved "https://registry.yarnpkg.com/punycode/-/punycode-2.1.1.tgz#b58b010ac40c22c5657616c8d2c2c02c7bf479ec"
  integrity sha512-XRsRjdf+j5ml+y/6GKHPZbrF/8p2Yga0JPtdqTIY2Xe5ohJPD9saDJJLPvp9+NSBprVvevdXZybnj2cv8OEd0A==

regenerator-runtime@^0.13.2:
  version "0.13.2"
  resolved "https://registry.yarnpkg.com/regenerator-runtime/-/regenerator-runtime-0.13.2.tgz#32e59c9a6fb9b1a4aff09b4930ca2d4477343447"
  integrity sha512-S/TQAZJO+D3m9xeN1WTI8dLKBBiRgXBlTJvbWjCThHWZj9EvHK70Ff50/tYj2J/fvBY6JtFVwRuazHN2E7M9BA==

text-encoding-utf-8@^1.0.2:
  version "1.0.2"
  resolved "https://registry.yarnpkg.com/text-encoding-utf-8/-/text-encoding-utf-8-1.0.2.tgz#585b62197b0ae437e3c7b5d0af27ac1021e10d13"
  integrity sha512-8bw4MY9WjdsD2aMtO0OzOCY3pXGYNx2d2FfHRVUKkiCPDWjKuOlhLVASS+pD7VkLTVjW268LYJHwsnPFlBpbAg==

typescript@^3.5.3:
  version "3.5.3"
  resolved "https://registry.yarnpkg.com/typescript/-/typescript-3.5.3.tgz#c830f657f93f1ea846819e929092f5fe5983e977"
  integrity sha512-ACzBtm/PhXBDId6a6sDJfroT2pOWt/oOnk4/dElG5G33ZL776N3Y6/6bKZJBFpd+b05F3Ct9qDjMeJmRWtE2/g==

uri-js@^4.2.2:
  version "4.2.2"
  resolved "https://registry.yarnpkg.com/uri-js/-/uri-js-4.2.2.tgz#94c540e1ff772956e2299507c010aea6c8838eb0"
  integrity sha512-KY9Frmirql91X2Qgjry0Wd4Y+YTdrdZheS8TFwvkbLWf/G5KNJDCh6pKL5OZctEW4+0Baa5idK2ZQuELRwPznQ==
  dependencies:
    punycode "^2.1.0"
