lockfileVersion: '9.0'

settings:
  autoInstallPeers: true
  excludeLinksFromLockfile: false

importers:

  .:
    dependencies:
      dotenv:
        specifier: ^18.0.5
        version: 18.0.5
      neogma:
        specifier: link:../../
        version: link:../..

packages:

  dotenv@18.0.5:
    resolution: {integrity: sha512-aBrGvt6KhjxbEnatqMWOMidftwsrCiCvqh1yNIGB9QyF0J+VcWkKDMsvYOEm7ZS82oiV+BT1sTOtIlAmUlTpwQ==}
    engines: {node: '>=12'}
    hasBin: true

snapshots:

  dotenv@18.0.5: {}
