lockfileVersion: '9.0'

settings:
  autoInstallPeers: true
  excludeLinksFromLockfile: false

importers:

  .:
    dependencies:
      dotenv:
        specifier: ^18.0.0
        version: 18.0.0
      neogma:
        specifier: link:../../
        version: link:../..

packages:

  dotenv@18.0.0:
    resolution: {integrity: sha512-16YSUvsKtKbwrTbESvtTSZzzJUug6jdFdqiBFg9Q6Bk1JY9r0hAtrtTiWxdI9YrsgOTmkjZRdgU0n3LnwGpECw==}
    engines: {node: '>=12'}
    hasBin: true

snapshots:

  dotenv@18.0.0: {}
