lockfileVersion: '9.0'

settings:
  autoInstallPeers: true
  excludeLinksFromLockfile: false

importers:

  .:
    dependencies:
      dotenv:
        specifier: ^18.0.6
        version: 18.0.6
      neogma:
        specifier: link:../../
        version: link:../..

packages:

  dotenv@18.0.6:
    resolution: {integrity: sha512-ZMVmohV6CvAJtj++pZNyggluUt6hbRdQAxc2+Z635RL6/AG/ruXv5lHnybUFoxMPL/yrTL/tsF4paZu2l7RA6Q==}
    engines: {node: '>=12'}
    hasBin: true

snapshots:

  dotenv@18.0.6: {}
