lockfileVersion: '9.0'

settings:
  autoInstallPeers: true
  excludeLinksFromLockfile: false

importers:

  .:
    dependencies:
      dotenv:
        specifier: ^18.0.0
        version: 18.0.0
      neogma:
        specifier: link:../../
        version: link:../..
    devDependencies:
      '@types/node':
        specifier: ^26.1.1
        version: 26.1.1
      typescript:
        specifier: ^6.0.3
        version: 6.0.3

packages:

  '@types/node@26.1.1':
    resolution: {integrity: sha512-nxAkRSVkN1Y0JC1W8ky/fTfkGsMmcrRsbx+3XoZE+rMOX71kLYTV7fLXpqud1GpbpP5TuffXFqfX7fH2GgZREw==}

  dotenv@18.0.0:
    resolution: {integrity: sha512-16YSUvsKtKbwrTbESvtTSZzzJUug6jdFdqiBFg9Q6Bk1JY9r0hAtrtTiWxdI9YrsgOTmkjZRdgU0n3LnwGpECw==}
    engines: {node: '>=12'}
    hasBin: true

  typescript@6.0.3:
    resolution: {integrity: sha512-y2TvuxSZPDyQakkFRPZHKFm+KKVqIisdg9/CZwm9ftvKXLP8NRWj38/ODjNbr43SsoXqNuAisEf1GdCxqWcdBw==}
    engines: {node: '>=14.17'}
    hasBin: true

  undici-types@8.3.0:
    resolution: {integrity: sha512-j375ScV60dom+YkPFIfTLcOiPxkN/buHz5GobjLhixFuANaNs3C9l4GmrWqejgXWJ7BbJcFYpTEUkS1Ge8bpZQ==}

snapshots:

  '@types/node@26.1.1':
    dependencies:
      undici-types: 8.3.0

  dotenv@18.0.0: {}

  typescript@6.0.3: {}

  undici-types@8.3.0: {}
